# generated by rye
# use `rye lock` or `rye sync` to update this lockfile
#
# last locked with the following flags:
#   pre: false
#   features: []
#   all-features: false
#   with-sources: false
#   generate-hashes: false

-e file:.
anyio==4.4.0
    # via httpx
attrs==23.2.0
    # via star-query-rail-client
certifi==2024.6.2
    # via httpcore
    # via httpx
    # via requests
cffi==1.16.0
    # via xcffib
charset-normalizer==3.3.2
    # via requests
darkdetect==0.8.0
    # via pyqt-fluent-widgets
h11==0.14.0
    # via httpcore
httpcore==1.0.5
    # via httpx
httpx==0.25.2
    # via simnet
    # via star-query-rail-client
    # via star-query-rail-desktop
idna==3.7
    # via anyio
    # via httpx
    # via requests
pycparser==2.22
    # via cffi
pydantic==1.10.15
    # via simnet
pyqt-fluent-widgets==1.5.7
    # via star-query-rail-desktop
pyqt5==5.15.10
    # via pyqt-fluent-widgets
    # via star-query-rail-desktop
pyqt5-frameless-window==0.3.9
    # via pyqt-fluent-widgets
pyqt5-qt5==5.15.2
    # via pyqt5
pyqt5-sip==12.13.0
    # via pyqt5
python-dateutil==2.9.0.post0
    # via star-query-rail-client
requests==2.32.3
    # via star-query-rail-desktop
simnet @ git+https://github.com/PaiGramTeam/SIMNet@a3eb0bcfa5dca0a930ff61e5c66082c3cfc58953
    # via star-query-rail-desktop
six==1.16.0
    # via python-dateutil
sniffio==1.3.1
    # via anyio
    # via httpx
star-query-rail-client @ git+https://github.com/OPaimon/star_query_rail_client.git@eeda79bae6c4f83830e40b33da976c7e7f6a4835
    # via star-query-rail-desktop
typing-extensions==4.12.2
    # via pydantic
urllib3==2.2.1
    # via requests
xcffib==1.5.0
    # via pyqt5-frameless-window
