# generated by rye
# use `rye lock` or `rye sync` to update this lockfile
#
# last locked with the following flags:
#   pre: false
#   features: []
#   all-features: false
#   with-sources: false
#   generate-hashes: false

-e file:.
cffi==1.16.0
    # via xcffib
darkdetect==0.8.0
    # via pyqt-fluent-widgets
pycparser==2.22
    # via cffi
pyqt-fluent-widgets==1.5.7
    # via star-query-rail-client
pyqt5==5.15.10
    # via pyqt-fluent-widgets
    # via star-query-rail-client
pyqt5-frameless-window==0.3.9
    # via pyqt-fluent-widgets
pyqt5-qt5==5.15.2
    # via pyqt5
pyqt5-sip==12.13.0
    # via pyqt5
xcffib==1.5.0
    # via pyqt5-frameless-window
